
Microsoft Visual Studio Solution File, Format Version 12.00
# Visual Studio Version 16
VisualStudioVersion = 16.0.29709.97
MinimumVisualStudioVersion = 10.0.40219.1
Project("{9A19103F-16F7-4668-BE54-9A1E7A4F7556}") = "Dispatching", "Dispatching\Dispatching.csproj", "{7692B19B-EA54-4D5D-875C-E5FAA9A7A7E8}"
EndProject
Project("{2150E333-8FDC-42A3-9474-1A3956D46DE8}") = "Application", "Application", "{A673EFA8-CCAC-4C9E-A1B3-629AA4A08BC0}"
EndProject
Project("{9A19103F-16F7-4668-BE54-9A1E7A4F7556}") = "Dispatching.Broker", "Dispatching.Broker\Dispatching.Broker.csproj", "{F7ACBED2-D839-4C4D-B3DC-5B1030291A4E}"
EndProject
Project("{9A19103F-16F7-4668-BE54-9A1E7A4F7556}") = "Dispatching.Persistence", "Dispatching.Persistence\Dispatching.Persistence.csproj", "{8C9469F0-ADE6-4279-9E3D-F0460FF8D32F}"
EndProject
Project("{9A19103F-16F7-4668-BE54-9A1E7A4F7556}") = "Dispatching.ReadModel", "Dispatching.ReadModel\Dispatching.ReadModel.csproj", "{61522153-F52B-4D7A-B5FE-59FA580DBAD6}"
EndProject
Project("{9A19103F-16F7-4668-BE54-9A1E7A4F7556}") = "Dispatching.Api", "Dispatching.Api\Dispatching.Api.csproj", "{35F4D036-04EE-4331-B0D9-BFFC456BB3D5}"
EndProject
Project("{FAE04EC0-301F-11D3-BF4B-00C04F79EFBC}") = "Dispatching.Aaa", "Dispatching.Aaa\Dispatching.Aaa.csproj", "{FF63C0E0-CFC2-42AA-A6DD-5E7437ABD681}"
EndProject
Global
	GlobalSection(SolutionConfigurationPlatforms) = preSolution
		Debug|Any CPU = Debug|Any CPU
		Release|Any CPU = Release|Any CPU
	EndGlobalSection
	GlobalSection(ProjectConfigurationPlatforms) = postSolution
		{7692B19B-EA54-4D5D-875C-E5FAA9A7A7E8}.Debug|Any CPU.ActiveCfg = Debug|Any CPU
		{7692B19B-EA54-4D5D-875C-E5FAA9A7A7E8}.Debug|Any CPU.Build.0 = Debug|Any CPU
		{7692B19B-EA54-4D5D-875C-E5FAA9A7A7E8}.Release|Any CPU.ActiveCfg = Release|Any CPU
		{7692B19B-EA54-4D5D-875C-E5FAA9A7A7E8}.Release|Any CPU.Build.0 = Release|Any CPU
		{F7ACBED2-D839-4C4D-B3DC-5B1030291A4E}.Debug|Any CPU.ActiveCfg = Debug|Any CPU
		{F7ACBED2-D839-4C4D-B3DC-5B1030291A4E}.Debug|Any CPU.Build.0 = Debug|Any CPU
		{F7ACBED2-D839-4C4D-B3DC-5B1030291A4E}.Release|Any CPU.ActiveCfg = Release|Any CPU
		{F7ACBED2-D839-4C4D-B3DC-5B1030291A4E}.Release|Any CPU.Build.0 = Release|Any CPU
		{8C9469F0-ADE6-4279-9E3D-F0460FF8D32F}.Debug|Any CPU.ActiveCfg = Debug|Any CPU
		{8C9469F0-ADE6-4279-9E3D-F0460FF8D32F}.Debug|Any CPU.Build.0 = Debug|Any CPU
		{8C9469F0-ADE6-4279-9E3D-F0460FF8D32F}.Release|Any CPU.ActiveCfg = Release|Any CPU
		{8C9469F0-ADE6-4279-9E3D-F0460FF8D32F}.Release|Any CPU.Build.0 = Release|Any CPU
		{61522153-F52B-4D7A-B5FE-59FA580DBAD6}.Debug|Any CPU.ActiveCfg = Debug|Any CPU
		{61522153-F52B-4D7A-B5FE-59FA580DBAD6}.Debug|Any CPU.Build.0 = Debug|Any CPU
		{61522153-F52B-4D7A-B5FE-59FA580DBAD6}.Release|Any CPU.ActiveCfg = Release|Any CPU
		{61522153-F52B-4D7A-B5FE-59FA580DBAD6}.Release|Any CPU.Build.0 = Release|Any CPU
		{35F4D036-04EE-4331-B0D9-BFFC456BB3D5}.Debug|Any CPU.ActiveCfg = Debug|Any CPU
		{35F4D036-04EE-4331-B0D9-BFFC456BB3D5}.Debug|Any CPU.Build.0 = Debug|Any CPU
		{35F4D036-04EE-4331-B0D9-BFFC456BB3D5}.Release|Any CPU.ActiveCfg = Release|Any CPU
		{35F4D036-04EE-4331-B0D9-BFFC456BB3D5}.Release|Any CPU.Build.0 = Release|Any CPU
		{FF63C0E0-CFC2-42AA-A6DD-5E7437ABD681}.Debug|Any CPU.ActiveCfg = Debug|Any CPU
		{FF63C0E0-CFC2-42AA-A6DD-5E7437ABD681}.Debug|Any CPU.Build.0 = Debug|Any CPU
		{FF63C0E0-CFC2-42AA-A6DD-5E7437ABD681}.Release|Any CPU.ActiveCfg = Release|Any CPU
		{FF63C0E0-CFC2-42AA-A6DD-5E7437ABD681}.Release|Any CPU.Build.0 = Release|Any CPU
	EndGlobalSection
	GlobalSection(SolutionProperties) = preSolution
		HideSolutionNode = FALSE
	EndGlobalSection
	GlobalSection(NestedProjects) = preSolution
		{7692B19B-EA54-4D5D-875C-E5FAA9A7A7E8} = {A673EFA8-CCAC-4C9E-A1B3-629AA4A08BC0}
		{F7ACBED2-D839-4C4D-B3DC-5B1030291A4E} = {A673EFA8-CCAC-4C9E-A1B3-629AA4A08BC0}
		{8C9469F0-ADE6-4279-9E3D-F0460FF8D32F} = {A673EFA8-CCAC-4C9E-A1B3-629AA4A08BC0}
		{61522153-F52B-4D7A-B5FE-59FA580DBAD6} = {A673EFA8-CCAC-4C9E-A1B3-629AA4A08BC0}
		{35F4D036-04EE-4331-B0D9-BFFC456BB3D5} = {A673EFA8-CCAC-4C9E-A1B3-629AA4A08BC0}
		{FF63C0E0-CFC2-42AA-A6DD-5E7437ABD681} = {A673EFA8-CCAC-4C9E-A1B3-629AA4A08BC0}
	EndGlobalSection
	GlobalSection(ExtensibilityGlobals) = postSolution
		SolutionGuid = {9BDE33DA-77E4-4BE0-89DF-1BC259361D29}
	EndGlobalSection
EndGlobal
